// !$*UTF8*$!
{
	archiveVersion = 1;
	classes = {
	};
	objectVersion = 46;
	objects = {

/* Begin PBXBuildFile section */
		232382381D40B65400780598 /* AppDelegate.swift in Sources */ = {isa = PBXBuildFile; fileRef = 232382371D40B65400780598 /* AppDelegate.swift */; };
		2323823E1D40B65400780598 /* GameViewController.swift in Sources */ = {isa = PBXBuildFile; fileRef = 2323823D1D40B65400780598 /* GameViewController.swift */; };
		232382411D40B65400780598 /* Main.storyboard in Resources */ = {isa = PBXBuildFile; fileRef = 2323823F1D40B65400780598 /* Main.storyboard */; };
		232382431D40B65400780598 /* Assets.xcassets in Resources */ = {isa = PBXBuildFile; fileRef = 232382421D40B65400780598 /* Assets.xcassets */; };
		232382461D40B65400780598 /* LaunchScreen.storyboard in Resources */ = {isa = PBXBuildFile; fileRef = 232382441D40B65400780598 /* LaunchScreen.storyboard */; };
		232382511D40B65400780598 /* DuelTests.swift in Sources */ = {isa = PBXBuildFile; fileRef = 232382501D40B65400780598 /* DuelTests.swift */; };
		2323825C1D40B65400780598 /* DuelUITests.swift in Sources */ = {isa = PBXBuildFile; fileRef = 2323825B1D40B65400780598 /* DuelUITests.swift */; };
		2323826A1D40B70800780598 /* MainMenu.sks in Resources */ = {isa = PBXBuildFile; fileRef = 232382691D40B70800780598 /* MainMenu.sks */; };
		2323826C1D40B71C00780598 /* MainMenu.swift in Sources */ = {isa = PBXBuildFile; fileRef = 2323826B1D40B71C00780598 /* MainMenu.swift */; };
		239174E41D5DB053003C991B /* Playing.swift in Sources */ = {isa = PBXBuildFile; fileRef = 239174E31D5DB053003C991B /* Playing.swift */; };
		239174E71D5DB12C003C991B /* WaitingForTap.swift in Sources */ = {isa = PBXBuildFile; fileRef = 239174E61D5DB12C003C991B /* WaitingForTap.swift */; };
		239174E91D5DB19B003C991B /* GameOver.swift in Sources */ = {isa = PBXBuildFile; fileRef = 239174E81D5DB19B003C991B /* GameOver.swift */; };
		23FA283D1D474009006CDC20 /* Bricks.sks in Resources */ = {isa = PBXBuildFile; fileRef = 23FA283C1D474009006CDC20 /* Bricks.sks */; };
		23FA283F1D47402C006CDC20 /* Bricks.swift in Sources */ = {isa = PBXBuildFile; fileRef = 23FA283E1D47402C006CDC20 /* Bricks.swift */; };
/* End PBXBuildFile section */

/* Begin PBXContainerItemProxy section */
		2323824D1D40B65400780598 /* PBXContainerItemProxy */ = {
			isa = PBXContainerItemProxy;
			containerPortal = 2323822C1D40B65300780598 /* Project object */;
			proxyType = 1;
			remoteGlobalIDString = 232382331D40B65300780598;
			remoteInfo = Duel;
		};
		232382581D40B65400780598 /* PBXContainerItemProxy */ = {
			isa = PBXContainerItemProxy;
			containerPortal = 2323822C1D40B65300780598 /* Project object */;
			proxyType = 1;
			remoteGlobalIDString = 232382331D40B65300780598;
			remoteInfo = Duel;
		};
/* End PBXContainerItemProxy section */

/* Begin PBXFileReference section */
		232382341D40B65400780598 /* Duel.app */ = {isa = PBXFileReference; explicitFileType = wrapper.application; includeInIndex = 0; path = Duel.app; sourceTree = BUILT_PRODUCTS_DIR; };
		232382371D40B65400780598 /* AppDelegate.swift */ = {isa = PBXFileReference; lastKnownFileType = sourcecode.swift; path = AppDelegate.swift; sourceTree = "<group>"; };
		2323823D1D40B65400780598 /* GameViewController.swift */ = {isa = PBXFileReference; lastKnownFileType = sourcecode.swift; path = GameViewController.swift; sourceTree = "<group>"; };
		232382401D40B65400780598 /* Base */ = {isa = PBXFileReference; lastKnownFileType = file.storyboard; name = Base; path = Base.lproj/Main.storyboard; sourceTree = "<group>"; };
		232382421D40B65400780598 /* Assets.xcassets */ = {isa = PBXFileReference; lastKnownFileType = folder.assetcatalog; path = Assets.xcassets; sourceTree = "<group>"; };
		232382451D40B65400780598 /* Base */ = {isa = PBXFileReference; lastKnownFileType = file.storyboard; name = Base; path = Base.lproj/LaunchScreen.storyboard; sourceTree = "<group>"; };
		232382471D40B65400780598 /* Info.plist */ = {isa = PBXFileReference; lastKnownFileType = text.plist.xml; path = Info.plist; sourceTree = "<group>"; };
		2323824C1D40B65400780598 /* DuelTests.xctest */ = {isa = PBXFileReference; explicitFileType = wrapper.cfbundle; includeInIndex = 0; path = DuelTests.xctest; sourceTree = BUILT_PRODUCTS_DIR; };
		232382501D40B65400780598 /* DuelTests.swift */ = {isa = PBXFileReference; lastKnownFileType = sourcecode.swift; path = DuelTests.swift; sourceTree = "<group>"; };
		232382521D40B65400780598 /* Info.plist */ = {isa = PBXFileReference; lastKnownFileType = text.plist.xml; path = Info.plist; sourceTree = "<group>"; };
		232382571D40B65400780598 /* DuelUITests.xctest */ = {isa = PBXFileReference; explicitFileType = wrapper.cfbundle; includeInIndex = 0; path = DuelUITests.xctest; sourceTree = BUILT_PRODUCTS_DIR; };
		2323825B1D40B65400780598 /* DuelUITests.swift */ = {isa = PBXFileReference; lastKnownFileType = sourcecode.swift; path = DuelUITests.swift; sourceTree = "<group>"; };
		2323825D1D40B65400780598 /* Info.plist */ = {isa = PBXFileReference; lastKnownFileType = text.plist.xml; path = Info.plist; sourceTree = "<group>"; };
		232382691D40B70800780598 /* MainMenu.sks */ = {isa = PBXFileReference; lastKnownFileType = file.sks; path = MainMenu.sks; sourceTree = "<group>"; };
		2323826B1D40B71C00780598 /* MainMenu.swift */ = {isa = PBXFileReference; fileEncoding = 4; lastKnownFileType = sourcecode.swift; path = MainMenu.swift; sourceTree = "<group>"; };
		239174E31D5DB053003C991B /* Playing.swift */ = {isa = PBXFileReference; fileEncoding = 4; lastKnownFileType = sourcecode.swift; name = Playing.swift; path = Duel/Playing.swift; sourceTree = "<group>"; };
		239174E61D5DB12C003C991B /* WaitingForTap.swift */ = {isa = PBXFileReference; fileEncoding = 4; lastKnownFileType = sourcecode.swift; name = WaitingForTap.swift; path = Duel/WaitingForTap.swift; sourceTree = "<group>"; };
		239174E81D5DB19B003C991B /* GameOver.swift */ = {isa = PBXFileReference; fileEncoding = 4; lastKnownFileType = sourcecode.swift; name = GameOver.swift; path = Duel/GameOver.swift; sourceTree = "<group>"; };
		23FA283C1D474009006CDC20 /* Bricks.sks */ = {isa = PBXFileReference; lastKnownFileType = file.sks; path = Bricks.sks; sourceTree = "<group>"; };
		23FA283E1D47402C006CDC20 /* Bricks.swift */ = {isa = PBXFileReference; fileEncoding = 4; lastKnownFileType = sourcecode.swift; path = Bricks.swift; sourceTree = "<group>"; };
/* End PBXFileReference section */

/* Begin PBXFrameworksBuildPhase section */
		232382311D40B65300780598 /* Frameworks */ = {
			isa = PBXFrameworksBuildPhase;
			buildActionMask = 2147483647;
			files = (
			);
			runOnlyForDeploymentPostprocessing = 0;
		};
		232382491D40B65400780598 /* Frameworks */ = {
			isa = PBXFrameworksBuildPhase;
			buildActionMask = 2147483647;
			files = (
			);
			runOnlyForDeploymentPostprocessing = 0;
		};
		232382541D40B65400780598 /* Frameworks */ = {
			isa = PBXFrameworksBuildPhase;
			buildActionMask = 2147483647;
			files = (
			);
			runOnlyForDeploymentPostprocessing = 0;
		};
/* End PBXFrameworksBuildPhase section */

/* Begin PBXGroup section */
		2323822B1D40B65300780598 = {
			isa = PBXGroup;
			children = (
				232382361D40B65400780598 /* Duel */,
				2323824F1D40B65400780598 /* DuelTests */,
				2323825A1D40B65400780598 /* DuelUITests */,
				232382351D40B65400780598 /* Products */,
			);
			sourceTree = "<group>";
		};
		232382351D40B65400780598 /* Products */ = {
			isa = PBXGroup;
			children = (
				232382341D40B65400780598 /* Duel.app */,
				2323824C1D40B65400780598 /* DuelTests.xctest */,
				232382571D40B65400780598 /* DuelUITests.xctest */,
			);
			name = Products;
			sourceTree = "<group>";
		};
		232382361D40B65400780598 /* Duel */ = {
			isa = PBXGroup;
			children = (
				239174E51D5DB066003C991B /* GameStates */,
				232382371D40B65400780598 /* AppDelegate.swift */,
				2323823D1D40B65400780598 /* GameViewController.swift */,
				232382691D40B70800780598 /* MainMenu.sks */,
				2323826B1D40B71C00780598 /* MainMenu.swift */,
				23FA283C1D474009006CDC20 /* Bricks.sks */,
				23FA283E1D47402C006CDC20 /* Bricks.swift */,
				2323823F1D40B65400780598 /* Main.storyboard */,
				232382421D40B65400780598 /* Assets.xcassets */,
				232382441D40B65400780598 /* LaunchScreen.storyboard */,
				232382471D40B65400780598 /* Info.plist */,
			);
			path = Duel;
			sourceTree = "<group>";
		};
		2323824F1D40B65400780598 /* DuelTests */ = {
			isa = PBXGroup;
			children = (
				232382501D40B65400780598 /* DuelTests.swift */,
				232382521D40B65400780598 /* Info.plist */,
			);
			path = DuelTests;
			sourceTree = "<group>";
		};
		2323825A1D40B65400780598 /* DuelUITests */ = {
			isa = PBXGroup;
			children = (
				2323825B1D40B65400780598 /* DuelUITests.swift */,
				2323825D1D40B65400780598 /* Info.plist */,
			);
			path = DuelUITests;
			sourceTree = "<group>";
		};
		239174E51D5DB066003C991B /* GameStates */ = {
			isa = PBXGroup;
			children = (
				239174E81D5DB19B003C991B /* GameOver.swift */,
				239174E31D5DB053003C991B /* Playing.swift */,
				239174E61D5DB12C003C991B /* WaitingForTap.swift */,
			);
			name = GameStates;
			path = ..;
			sourceTree = "<group>";
		};
/* End PBXGroup section */

/* Begin PBXNativeTarget section */
		232382331D40B65300780598 /* Duel */ = {
			isa = PBXNativeTarget;
			buildConfigurationList = 232382601D40B65400780598 /* Build configuration list for PBXNativeTarget "Duel" */;
			buildPhases = (
				232382301D40B65300780598 /* Sources */,
				232382311D40B65300780598 /* Frameworks */,
				232382321D40B65300780598 /* Resources */,
			);
			buildRules = (
			);
			dependencies = (
			);
			name = Duel;
			productName = Duel;
			productReference = 232382341D40B65400780598 /* Duel.app */;
			productType = "com.apple.product-type.application";
		};
		2323824B1D40B65400780598 /* DuelTests */ = {
			isa = PBXNativeTarget;
			buildConfigurationList = 232382631D40B65400780598 /* Build configuration list for PBXNativeTarget "DuelTests" */;
			buildPhases = (
				232382481D40B65400780598 /* Sources */,
				232382491D40B65400780598 /* Frameworks */,
				2323824A1D40B65400780598 /* Resources */,
			);
			buildRules = (
			);
			dependencies = (
				2323824E1D40B65400780598 /* PBXTargetDependency */,
			);
			name = DuelTests;
			productName = DuelTests;
			productReference = 2323824C1D40B65400780598 /* DuelTests.xctest */;
			productType = "com.apple.product-type.bundle.unit-test";
		};
		232382561D40B65400780598 /* DuelUITests */ = {
			isa = PBXNativeTarget;
			buildConfigurationList = 232382661D40B65400780598 /* Build configuration list for PBXNativeTarget "DuelUITests" */;
			buildPhases = (
				232382531D40B65400780598 /* Sources */,
				232382541D40B65400780598 /* Frameworks */,
				232382551D40B65400780598 /* Resources */,
			);
			buildRules = (
			);
			dependencies = (
				232382591D40B65400780598 /* PBXTargetDependency */,
			);
			name = DuelUITests;
			productName = DuelUITests;
			productReference = 232382571D40B65400780598 /* DuelUITests.xctest */;
			productType = "com.apple.product-type.bundle.ui-testing";
		};
/* End PBXNativeTarget section */

/* Begin PBXProject section */
		2323822C1D40B65300780598 /* Project object */ = {
			isa = PBXProject;
			attributes = {
				LastSwiftUpdateCheck = 0730;
				LastUpgradeCheck = 0730;
				ORGANIZATIONNAME = DT5Ravens;
				TargetAttributes = {
					232382331D40B65300780598 = {
						CreatedOnToolsVersion = 7.3.1;
					};
					2323824B1D40B65400780598 = {
						CreatedOnToolsVersion = 7.3.1;
						TestTargetID = 232382331D40B65300780598;
					};
					232382561D40B65400780598 = {
						CreatedOnToolsVersion = 7.3.1;
						TestTargetID = 232382331D40B65300780598;
					};
				};
			};
			buildConfigurationList = 2323822F1D40B65300780598 /* Build configuration list for PBXProject "Duel" */;
			compatibilityVersion = "Xcode 3.2";
			developmentRegion = English;
			hasScannedForEncodings = 0;
			knownRegions = (
				en,
				Base,
			);
			mainGroup = 2323822B1D40B65300780598;
			productRefGroup = 232382351D40B65400780598 /* Products */;
			projectDirPath = "";
			projectRoot = "";
			targets = (
				232382331D40B65300780598 /* Duel */,
				2323824B1D40B65400780598 /* DuelTests */,
				232382561D40B65400780598 /* DuelUITests */,
			);
		};
/* End PBXProject section */

/* Begin PBXResourcesBuildPhase section */
		232382321D40B65300780598 /* Resources */ = {
			isa = PBXResourcesBuildPhase;
			buildActionMask = 2147483647;
			files = (
				232382461D40B65400780598 /* LaunchScreen.storyboard in Resources */,
				232382431D40B65400780598 /* Assets.xcassets in Resources */,
				23FA283D1D474009006CDC20 /* Bricks.sks in Resources */,
				2323826A1D40B70800780598 /* MainMenu.sks in Resources */,
				232382411D40B65400780598 /* Main.storyboard in Resources */,
			);
			runOnlyForDeploymentPostprocessing = 0;
		};
		2323824A1D40B65400780598 /* Resources */ = {
			isa = PBXResourcesBuildPhase;
			buildActionMask = 2147483647;
			files = (
			);
			runOnlyForDeploymentPostprocessing = 0;
		};
		232382551D40B65400780598 /* Resources */ = {
			isa = PBXResourcesBuildPhase;
			buildActionMask = 2147483647;
			files = (
			);
			runOnlyForDeploymentPostprocessing = 0;
		};
/* End PBXResourcesBuildPhase section */

/* Begin PBXSourcesBuildPhase section */
		232382301D40B65300780598 /* Sources */ = {
			isa = PBXSourcesBuildPhase;
			buildActionMask = 2147483647;
			files = (
				239174E41D5DB053003C991B /* Playing.swift in Sources */,
				23FA283F1D47402C006CDC20 /* Bricks.swift in Sources */,
				239174E91D5DB19B003C991B /* GameOver.swift in Sources */,
				2323823E1D40B65400780598 /* GameViewController.swift in Sources */,
				239174E71D5DB12C003C991B /* WaitingForTap.swift in Sources */,
				232382381D40B65400780598 /* AppDelegate.swift in Sources */,
				2323826C1D40B71C00780598 /* MainMenu.swift in Sources */,
			);
			runOnlyForDeploymentPostprocessing = 0;
		};
		232382481D40B65400780598 /* Sources */ = {
			isa = PBXSourcesBuildPhase;
			buildActionMask = 2147483647;
			files = (
				232382511D40B65400780598 /* DuelTests.swift in Sources */,
			);
			runOnlyForDeploymentPostprocessing = 0;
		};
		232382531D40B65400780598 /* Sources */ = {
			isa = PBXSourcesBuildPhase;
			buildActionMask = 2147483647;
			files = (
				2323825C1D40B65400780598 /* DuelUITests.swift in Sources */,
			);
			runOnlyForDeploymentPostprocessing = 0;
		};
/* End PBXSourcesBuildPhase section */

/* Begin PBXTargetDependency section */
		2323824E1D40B65400780598 /* PBXTargetDependency */ = {
			isa = PBXTargetDependency;
			target = 232382331D40B65300780598 /* Duel */;
			targetProxy = 2323824D1D40B65400780598 /* PBXContainerItemProxy */;
		};
		232382591D40B65400780598 /* PBXTargetDependency */ = {
			isa = PBXTargetDependency;
			target = 232382331D40B65300780598 /* Duel */;
			targetProxy = 232382581D40B65400780598 /* PBXContainerItemProxy */;
		};
/* End PBXTargetDependency section */

/* Begin PBXVariantGroup section */
		2323823F1D40B65400780598 /* Main.storyboard */ = {
			isa = PBXVariantGroup;
			children = (
				232382401D40B65400780598 /* Base */,
			);
			name = Main.storyboard;
			sourceTree = "<group>";
		};
		232382441D40B65400780598 /* LaunchScreen.storyboard */ = {
			isa = PBXVariantGroup;
			children = (
				232382451D40B65400780598 /* Base */,
			);
			name = LaunchScreen.storyboard;
			sourceTree = "<group>";
		};
/* End PBXVariantGroup section */

/* Begin XCBuildConfiguration section */
		2323825E1D40B65400780598 /* Debug */ = {
			isa = XCBuildConfiguration;
			buildSettings = {
				ALWAYS_SEARCH_USER_PATHS = NO;
				CLANG_ANALYZER_NONNULL = YES;
				CLANG_CXX_LANGUAGE_STANDARD = "gnu++0x";
				CLANG_CXX_LIBRARY = "libc++";
				CLANG_ENABLE_MODULES = YES;
				CLANG_ENABLE_OBJC_ARC = YES;
				CLANG_WARN_BOOL_CONVERSION = YES;
				CLANG_WARN_CONSTANT_CONVERSION = YES;
				CLANG_WARN_DIRECT_OBJC_ISA_USAGE = YES_ERROR;
				CLANG_WARN_EMPTY_BODY = YES;
				CLANG_WARN_ENUM_CONVERSION = YES;
				CLANG_WARN_INT_CONVERSION = YES;
				CLANG_WARN_OBJC_ROOT_CLASS = YES_ERROR;
				CLANG_WARN_UNREACHABLE_CODE = YES;
				CLANG_WARN__DUPLICATE_METHOD_MATCH = YES;
				"CODE_SIGN_IDENTITY[sdk=iphoneos*]" = "iPhone Developer";
				COPY_PHASE_STRIP = NO;
				DEBUG_INFORMATION_FORMAT = "dwarf-with-dsym";
				ENABLE_STRICT_OBJC_MSGSEND = YES;
				ENABLE_TESTABILITY = YES;
				GCC_C_LANGUAGE_STANDARD = gnu99;
				GCC_DYNAMIC_NO_PIC = NO;
				GCC_NO_COMMON_BLOCKS = YES;
				GCC_OPTIMIZATION_LEVEL = 0;
				GCC_PREPROCESSOR_DEFINITIONS = (
					"DEBUG=1",
					"$(inherited)",
				);
				GCC_WARN_64_TO_32_BIT_CONVERSION = YES;
				GCC_WARN_ABOUT_RETURN_TYPE = YES_ERROR;
				GCC_WARN_UNDECLARED_SELECTOR = YES;
				GCC_WARN_UNINITIALIZED_AUTOS = YES_AGGRESSIVE;
				GCC_WARN_UNUSED_FUNCTION = YES;
				GCC_WARN_UNUSED_VARIABLE = YES;
				IPHONEOS_DEPLOYMENT_TARGET = 9.3;
				MTL_ENABLE_DEBUG_INFO = YES;
				ONLY_ACTIVE_ARCH = YES;
				SDKROOT = iphoneos;
				SWIFT_OPTIMIZATION_LEVEL = "-Onone";
			};
			name = Debug;
		};
		2323825F1D40B65400780598 /* Release */ = {
			isa = XCBuildConfiguration;
			buildSettings = {
				ALWAYS_SEARCH_USER_PATHS = NO;
				CLANG_ANALYZER_NONNULL = YES;
				CLANG_CXX_LANGUAGE_STANDARD = "gnu++0x";
				CLANG_CXX_LIBRARY = "libc++";
				CLANG_ENABLE_MODULES = YES;
				CLANG_ENABLE_OBJC_ARC = YES;
				CLANG_WARN_BOOL_CONVERSION = YES;
				CLANG_WARN_CONSTANT_CONVERSION = YES;
				CLANG_WARN_DIRECT_OBJC_ISA_USAGE = YES_ERROR;
				CLANG_WARN_EMPTY_BODY = YES;
				CLANG_WARN_ENUM_CONVERSION = YES;
				CLANG_WARN_INT_CONVERSION = YES;
				CLANG_WARN_OBJC_ROOT_CLASS = YES_ERROR;
				CLANG_WARN_UNREACHABLE_CODE = YES;
				CLANG_WARN__DUPLICATE_METHOD_MATCH = YES;
				"CODE_SIGN_IDENTITY[sdk=iphoneos*]" = "iPhone Developer";
				COPY_PHASE_STRIP = NO;
				DEBUG_INFORMATION_FORMAT = "dwarf-with-dsym";
				ENABLE_NS_ASSERTIONS = NO;
				ENABLE_STRICT_OBJC_MSGSEND = YES;
				GCC_C_LANGUAGE_STANDARD = gnu99;
				GCC_NO_COMMON_BLOCKS = YES;
				GCC_WARN_64_TO_32_BIT_CONVERSION = YES;
				GCC_WARN_ABOUT_RETURN_TYPE = YES_ERROR;
				GCC_WARN_UNDECLARED_SELECTOR = YES;
				GCC_WARN_UNINITIALIZED_AUTOS = YES_AGGRESSIVE;
				GCC_WARN_UNUSED_FUNCTION = YES;
				GCC_WARN_UNUSED_VARIABLE = YES;
				IPHONEOS_DEPLOYMENT_TARGET = 9.3;
				MTL_ENABLE_DEBUG_INFO = NO;
				SDKROOT = iphoneos;
				VALIDATE_PRODUCT = YES;
			};
			name = Release;
		};
		232382611D40B65400780598 /* Debug */ = {
			isa = XCBuildConfiguration;
			buildSettings = {
				ASSETCATALOG_COMPILER_APPICON_NAME = AppIcon;
				INFOPLIST_FILE = Duel/Info.plist;
				LD_RUNPATH_SEARCH_PATHS = "$(inherited) @executable_path/Frameworks";
				PRODUCT_BUNDLE_IDENTIFIER = com.ravensfive.Duel;
				PRODUCT_NAME = "$(TARGET_NAME)";
			};
			name = Debug;
		};
		232382621D40B65400780598 /* Release */ = {
			isa = XCBuildConfiguration;
			buildSettings = {
				ASSETCATALOG_COMPILER_APPICON_NAME = AppIcon;
				INFOPLIST_FILE = Duel/Info.plist;
				LD_RUNPATH_SEARCH_PATHS = "$(inherited) @executable_path/Frameworks";
				PRODUCT_BUNDLE_IDENTIFIER = com.ravensfive.Duel;
				PRODUCT_NAME = "$(TARGET_NAME)";
			};
			name = Release;
		};
		232382641D40B65400780598 /* Debug */ = {
			isa = XCBuildConfiguration;
			buildSettings = {
				BUNDLE_LOADER = "$(TEST_HOST)";
				DEBUG_INFORMATION_FORMAT = dwarf;
				INFOPLIST_FILE = DuelTests/Info.plist;
				LD_RUNPATH_SEARCH_PATHS = "$(inherited) @executable_path/Frameworks @loader_path/Frameworks";
				PRODUCT_BUNDLE_IDENTIFIER = com.ravensfive.DuelTests;
				PRODUCT_NAME = "$(TARGET_NAME)";
				TEST_HOST = "$(BUILT_PRODUCTS_DIR)/Duel.app/Duel";
			};
			name = Debug;
		};
		232382651D40B65400780598 /* Release */ = {
			isa = XCBuildConfiguration;
			buildSettings = {
				BUNDLE_LOADER = "$(TEST_HOST)";
				INFOPLIST_FILE = DuelTests/Info.plist;
				LD_RUNPATH_SEARCH_PATHS = "$(inherited) @executable_path/Frameworks @loader_path/Frameworks";
				PRODUCT_BUNDLE_IDENTIFIER = com.ravensfive.DuelTests;
				PRODUCT_NAME = "$(TARGET_NAME)";
				TEST_HOST = "$(BUILT_PRODUCTS_DIR)/Duel.app/Duel";
			};
			name = Release;
		};
		232382671D40B65400780598 /* Debug */ = {
			isa = XCBuildConfiguration;
			buildSettings = {
				DEBUG_INFORMATION_FORMAT = dwarf;
				INFOPLIST_FILE = DuelUITests/Info.plist;
				LD_RUNPATH_SEARCH_PATHS = "$(inherited) @executable_path/Frameworks @loader_path/Frameworks";
				PRODUCT_BUNDLE_IDENTIFIER = com.ravensfive.DuelUITests;
				PRODUCT_NAME = "$(TARGET_NAME)";
				TEST_TARGET_NAME = Duel;
			};
			name = Debug;
		};
		232382681D40B65400780598 /* Release */ = {
			isa = XCBuildConfiguration;
			buildSettings = {
				INFOPLIST_FILE = DuelUITests/Info.plist;
				LD_RUNPATH_SEARCH_PATHS = "$(inherited) @executable_path/Frameworks @loader_path/Frameworks";
				PRODUCT_BUNDLE_IDENTIFIER = com.ravensfive.DuelUITests;
				PRODUCT_NAME = "$(TARGET_NAME)";
				TEST_TARGET_NAME = Duel;
			};
			name = Release;
		};
/* End XCBuildConfiguration section */

/* Begin XCConfigurationList section */
		2323822F1D40B65300780598 /* Build configuration list for PBXProject "Duel" */ = {
			isa = XCConfigurationList;
			buildConfigurations = (
				2323825E1D40B65400780598 /* Debug */,
				2323825F1D40B65400780598 /* Release */,
			);
			defaultConfigurationIsVisible = 0;
			defaultConfigurationName = Release;
		};
		232382601D40B65400780598 /* Build configuration list for PBXNativeTarget "Duel" */ = {
			isa = XCConfigurationList;
			buildConfigurations = (
				232382611D40B65400780598 /* Debug */,
				232382621D40B65400780598 /* Release */,
			);
			defaultConfigurationIsVisible = 0;
			defaultConfigurationName = Release;
		};
		232382631D40B65400780598 /* Build configuration list for PBXNativeTarget "DuelTests" */ = {
			isa = XCConfigurationList;
			buildConfigurations = (
				232382641D40B65400780598 /* Debug */,
				232382651D40B65400780598 /* Release */,
			);
			defaultConfigurationIsVisible = 0;
			defaultConfigurationName = Release;
		};
		232382661D40B65400780598 /* Build configuration list for PBXNativeTarget "DuelUITests" */ = {
			isa = XCConfigurationList;
			buildConfigurations = (
				232382671D40B65400780598 /* Debug */,
				232382681D40B65400780598 /* Release */,
			);
			defaultConfigurationIsVisible = 0;
			defaultConfigurationName = Release;
		};
/* End XCConfigurationList section */
	};
	rootObject = 2323822C1D40B65300780598 /* Project object */;
}
